
Microsoft Visual Studio Solution File, Format Version 12.00
# Visual Studio 15
VisualStudioVersion = 15.0.28307.645
MinimumVisualStudioVersion = 10.0.40219.1
Project("{FAE04EC0-301F-11D3-BF4B-00C04F79EFBC}") = "MessengerLibrary", "MessengerLibrary\MessengerLibrary.csproj", "{B011BFA2-BAD1-49B4-82D5-9B409727F619}"
EndProject
Project("{FAE04EC0-301F-11D3-BF4B-00C04F79EFBC}") = "MessengerUserInterface", "MessengerUserInterface\MessengerUserInterface.csproj", "{B666A4CA-44A1-4B87-A31C-14A225F418B7}"
EndProject
Global
	GlobalSection(SolutionConfigurationPlatforms) = preSolution
		Debug|Any CPU = Debug|Any CPU
		Release|Any CPU = Release|Any CPU
	EndGlobalSection
	GlobalSection(ProjectConfigurationPlatforms) = postSolution
		{B011BFA2-BAD1-49B4-82D5-9B409727F619}.Debug|Any CPU.ActiveCfg = Debug|Any CPU
		{B011BFA2-BAD1-49B4-82D5-9B409727F619}.Debug|Any CPU.Build.0 = Debug|Any CPU
		{B011BFA2-BAD1-49B4-82D5-9B409727F619}.Release|Any CPU.ActiveCfg = Release|Any CPU
		{B011BFA2-BAD1-49B4-82D5-9B409727F619}.Release|Any CPU.Build.0 = Release|Any CPU
		{B666A4CA-44A1-4B87-A31C-14A225F418B7}.Debug|Any CPU.ActiveCfg = Debug|Any CPU
		{B666A4CA-44A1-4B87-A31C-14A225F418B7}.Debug|Any CPU.Build.0 = Debug|Any CPU
		{B666A4CA-44A1-4B87-A31C-14A225F418B7}.Release|Any CPU.ActiveCfg = Release|Any CPU
		{B666A4CA-44A1-4B87-A31C-14A225F418B7}.Release|Any CPU.Build.0 = Release|Any CPU
	EndGlobalSection
	GlobalSection(SolutionProperties) = preSolution
		HideSolutionNode = FALSE
	EndGlobalSection
	GlobalSection(ExtensibilityGlobals) = postSolution
		SolutionGuid = {CC4D4949-08FE-4F68-8588-BE0BD7FD427C}
	EndGlobalSection
EndGlobal
