
Microsoft Visual Studio Solution File, Format Version 12.00
# Visual Studio 15
VisualStudioVersion = 15.0.28307.645
MinimumVisualStudioVersion = 10.0.40219.1
Project("{FAE04EC0-301F-11D3-BF4B-00C04F79EFBC}") = "HRMSAPP.Entities", "HRMSAPP.Entities\HRMSAPP.Entities.csproj", "{F1FB6839-24F5-4B34-95B2-6E4D268E34D0}"
EndProject
Project("{FAE04EC0-301F-11D3-BF4B-00C04F79EFBC}") = "HRMSAPP.UserInterface", "HRMSAPP.UserInterface\HRMSAPP.UserInterface.csproj", "{81CEB4DD-E6E3-4B5E-8F8E-70550673F700}"
EndProject
Global
	GlobalSection(SolutionConfigurationPlatforms) = preSolution
		Debug|Any CPU = Debug|Any CPU
		Release|Any CPU = Release|Any CPU
	EndGlobalSection
	GlobalSection(ProjectConfigurationPlatforms) = postSolution
		{F1FB6839-24F5-4B34-95B2-6E4D268E34D0}.Debug|Any CPU.ActiveCfg = Debug|Any CPU
		{F1FB6839-24F5-4B34-95B2-6E4D268E34D0}.Debug|Any CPU.Build.0 = Debug|Any CPU
		{F1FB6839-24F5-4B34-95B2-6E4D268E34D0}.Release|Any CPU.ActiveCfg = Release|Any CPU
		{F1FB6839-24F5-4B34-95B2-6E4D268E34D0}.Release|Any CPU.Build.0 = Release|Any CPU
		{81CEB4DD-E6E3-4B5E-8F8E-70550673F700}.Debug|Any CPU.ActiveCfg = Debug|Any CPU
		{81CEB4DD-E6E3-4B5E-8F8E-70550673F700}.Debug|Any CPU.Build.0 = Debug|Any CPU
		{81CEB4DD-E6E3-4B5E-8F8E-70550673F700}.Release|Any CPU.ActiveCfg = Release|Any CPU
		{81CEB4DD-E6E3-4B5E-8F8E-70550673F700}.Release|Any CPU.Build.0 = Release|Any CPU
	EndGlobalSection
	GlobalSection(SolutionProperties) = preSolution
		HideSolutionNode = FALSE
	EndGlobalSection
	GlobalSection(ExtensibilityGlobals) = postSolution
		SolutionGuid = {0BFCCCAF-D653-44D6-A3CD-192BC3582E53}
	EndGlobalSection
EndGlobal
