
Microsoft Visual Studio Solution File, Format Version 12.00
# Visual Studio 15
VisualStudioVersion = 15.0.28307.645
MinimumVisualStudioVersion = 10.0.40219.1
Project("{FAE04EC0-301F-11D3-BF4B-00C04F79EFBC}") = "CollectionsandGenericCollections", "CollectionsandGenericCollections\CollectionsandGenericCollections.csproj", "{A5FE5FD7-566D-47AA-9894-50EA3660F337}"
EndProject
Global
	GlobalSection(SolutionConfigurationPlatforms) = preSolution
		Debug|Any CPU = Debug|Any CPU
		Release|Any CPU = Release|Any CPU
	EndGlobalSection
	GlobalSection(ProjectConfigurationPlatforms) = postSolution
		{A5FE5FD7-566D-47AA-9894-50EA3660F337}.Debug|Any CPU.ActiveCfg = Debug|Any CPU
		{A5FE5FD7-566D-47AA-9894-50EA3660F337}.Debug|Any CPU.Build.0 = Debug|Any CPU
		{A5FE5FD7-566D-47AA-9894-50EA3660F337}.Release|Any CPU.ActiveCfg = Release|Any CPU
		{A5FE5FD7-566D-47AA-9894-50EA3660F337}.Release|Any CPU.Build.0 = Release|Any CPU
	EndGlobalSection
	GlobalSection(SolutionProperties) = preSolution
		HideSolutionNode = FALSE
	EndGlobalSection
	GlobalSection(ExtensibilityGlobals) = postSolution
		SolutionGuid = {0857E0AD-BA9C-4F28-B517-B45B1F2BB7A3}
	EndGlobalSection
EndGlobal
