
Microsoft Visual Studio Solution File, Format Version 12.00
# Visual Studio 15
VisualStudioVersion = 15.0.28307.645
MinimumVisualStudioVersion = 10.0.40219.1
Project("{FAE04EC0-301F-11D3-BF4B-00C04F79EFBC}") = "OOP_Basics", "OOP_Basics\OOP_Basics.csproj", "{BFAF9B72-3AAF-439A-B94F-19374624768E}"
EndProject
Project("{FAE04EC0-301F-11D3-BF4B-00C04F79EFBC}") = "StudentLibrary", "StudentLibrary\StudentLibrary.csproj", "{1D9EB070-ABC8-4009-8243-331CA4CCB9E0}"
EndProject
Global
	GlobalSection(SolutionConfigurationPlatforms) = preSolution
		Debug|Any CPU = Debug|Any CPU
		Release|Any CPU = Release|Any CPU
	EndGlobalSection
	GlobalSection(ProjectConfigurationPlatforms) = postSolution
		{BFAF9B72-3AAF-439A-B94F-19374624768E}.Debug|Any CPU.ActiveCfg = Debug|Any CPU
		{BFAF9B72-3AAF-439A-B94F-19374624768E}.Debug|Any CPU.Build.0 = Debug|Any CPU
		{BFAF9B72-3AAF-439A-B94F-19374624768E}.Release|Any CPU.ActiveCfg = Release|Any CPU
		{BFAF9B72-3AAF-439A-B94F-19374624768E}.Release|Any CPU.Build.0 = Release|Any CPU
		{1D9EB070-ABC8-4009-8243-331CA4CCB9E0}.Debug|Any CPU.ActiveCfg = Debug|Any CPU
		{1D9EB070-ABC8-4009-8243-331CA4CCB9E0}.Debug|Any CPU.Build.0 = Debug|Any CPU
		{1D9EB070-ABC8-4009-8243-331CA4CCB9E0}.Release|Any CPU.ActiveCfg = Release|Any CPU
		{1D9EB070-ABC8-4009-8243-331CA4CCB9E0}.Release|Any CPU.Build.0 = Release|Any CPU
	EndGlobalSection
	GlobalSection(SolutionProperties) = preSolution
		HideSolutionNode = FALSE
	EndGlobalSection
	GlobalSection(ExtensibilityGlobals) = postSolution
		SolutionGuid = {5C303517-3099-46D5-B37B-F9315F202A08}
	EndGlobalSection
EndGlobal
